
Microsoft Visual Studio Solution File, Format Version 12.00
Project("{FAE04EC0-301F-11D3-BF4B-00C04F79EFBC}") = "Observer", "Observer\Observer.csproj", "{E5572138-491B-49D3-9F2C-40838E1786DD}"
EndProject
Project("{FAE04EC0-301F-11D3-BF4B-00C04F79EFBC}") = "Decorator", "Decorator\Decorator.csproj", "{485F053B-58F2-4CA8-942E-C146E8ABA8D7}"
EndProject
Project("{FAE04EC0-301F-11D3-BF4B-00C04F79EFBC}") = "Factory", "Factory\Factory.csproj", "{8485713F-9671-49EE-B974-AB3750C8838B}"
EndProject
Project("{FAE04EC0-301F-11D3-BF4B-00C04F79EFBC}") = "Singleton", "Singleton\Singleton.csproj", "{F3C865E1-C9BC-4284-ACD3-F0AD51924D4D}"
EndProject
Project("{FAE04EC0-301F-11D3-BF4B-00C04F79EFBC}") = "Command", "Command\Command.csproj", "{23BFBB8B-42EA-440E-9A2A-BE7FA31C3713}"
EndProject
Global
	GlobalSection(SolutionConfigurationPlatforms) = preSolution
		Debug|Any CPU = Debug|Any CPU
		Release|Any CPU = Release|Any CPU
	EndGlobalSection
	GlobalSection(ProjectConfigurationPlatforms) = postSolution
		{E5572138-491B-49D3-9F2C-40838E1786DD}.Debug|Any CPU.ActiveCfg = Debug|Any CPU
		{E5572138-491B-49D3-9F2C-40838E1786DD}.Debug|Any CPU.Build.0 = Debug|Any CPU
		{E5572138-491B-49D3-9F2C-40838E1786DD}.Release|Any CPU.ActiveCfg = Release|Any CPU
		{E5572138-491B-49D3-9F2C-40838E1786DD}.Release|Any CPU.Build.0 = Release|Any CPU
		{485F053B-58F2-4CA8-942E-C146E8ABA8D7}.Debug|Any CPU.ActiveCfg = Debug|Any CPU
		{485F053B-58F2-4CA8-942E-C146E8ABA8D7}.Debug|Any CPU.Build.0 = Debug|Any CPU
		{485F053B-58F2-4CA8-942E-C146E8ABA8D7}.Release|Any CPU.ActiveCfg = Release|Any CPU
		{485F053B-58F2-4CA8-942E-C146E8ABA8D7}.Release|Any CPU.Build.0 = Release|Any CPU
		{8485713F-9671-49EE-B974-AB3750C8838B}.Debug|Any CPU.ActiveCfg = Debug|Any CPU
		{8485713F-9671-49EE-B974-AB3750C8838B}.Debug|Any CPU.Build.0 = Debug|Any CPU
		{8485713F-9671-49EE-B974-AB3750C8838B}.Release|Any CPU.ActiveCfg = Release|Any CPU
		{8485713F-9671-49EE-B974-AB3750C8838B}.Release|Any CPU.Build.0 = Release|Any CPU
		{F3C865E1-C9BC-4284-ACD3-F0AD51924D4D}.Debug|Any CPU.ActiveCfg = Debug|Any CPU
		{F3C865E1-C9BC-4284-ACD3-F0AD51924D4D}.Debug|Any CPU.Build.0 = Debug|Any CPU
		{F3C865E1-C9BC-4284-ACD3-F0AD51924D4D}.Release|Any CPU.ActiveCfg = Release|Any CPU
		{F3C865E1-C9BC-4284-ACD3-F0AD51924D4D}.Release|Any CPU.Build.0 = Release|Any CPU
		{23BFBB8B-42EA-440E-9A2A-BE7FA31C3713}.Debug|Any CPU.ActiveCfg = Debug|Any CPU
		{23BFBB8B-42EA-440E-9A2A-BE7FA31C3713}.Debug|Any CPU.Build.0 = Debug|Any CPU
		{23BFBB8B-42EA-440E-9A2A-BE7FA31C3713}.Release|Any CPU.ActiveCfg = Release|Any CPU
		{23BFBB8B-42EA-440E-9A2A-BE7FA31C3713}.Release|Any CPU.Build.0 = Release|Any CPU
	EndGlobalSection
EndGlobal
